
Microsoft Visual Studio Solution File, Format Version 12.00
# Visual Studio 14
VisualStudioVersion = 14.0.23107.0
MinimumVisualStudioVersion = 10.0.40219.1
Project("{FAE04EC0-301F-11D3-BF4B-00C04F79EFBC}") = "vb2esxi", "vb2esxi\vb2esxi.csproj", "{47B272AC-388C-4278-9164-09919ACB02CF}"
EndProject
Project("{FAE04EC0-301F-11D3-BF4B-00C04F79EFBC}") = "vb2esxi-gui", "vb2esxi-gui\vb2esxi-gui.csproj", "{60FEB5A2-D651-4E6C-BDAF-4D8A05647236}"
EndProject
Global
	GlobalSection(SolutionConfigurationPlatforms) = preSolution
		Debug|Any CPU = Debug|Any CPU
		Release|Any CPU = Release|Any CPU
	EndGlobalSection
	GlobalSection(ProjectConfigurationPlatforms) = postSolution
		{47B272AC-388C-4278-9164-09919ACB02CF}.Debug|Any CPU.ActiveCfg = Debug|Any CPU
		{47B272AC-388C-4278-9164-09919ACB02CF}.Debug|Any CPU.Build.0 = Debug|Any CPU
		{47B272AC-388C-4278-9164-09919ACB02CF}.Release|Any CPU.ActiveCfg = Release|Any CPU
		{47B272AC-388C-4278-9164-09919ACB02CF}.Release|Any CPU.Build.0 = Release|Any CPU
		{60FEB5A2-D651-4E6C-BDAF-4D8A05647236}.Debug|Any CPU.ActiveCfg = Debug|Any CPU
		{60FEB5A2-D651-4E6C-BDAF-4D8A05647236}.Debug|Any CPU.Build.0 = Debug|Any CPU
		{60FEB5A2-D651-4E6C-BDAF-4D8A05647236}.Release|Any CPU.ActiveCfg = Release|Any CPU
		{60FEB5A2-D651-4E6C-BDAF-4D8A05647236}.Release|Any CPU.Build.0 = Release|Any CPU
	EndGlobalSection
	GlobalSection(SolutionProperties) = preSolution
		HideSolutionNode = FALSE
	EndGlobalSection
EndGlobal
